# This file is automatically @generated by Poetry 2.1.3 and should not be changed by hand.

[[package]]
name = "utils"
version = "1.0.2"
description = "A grab-bag of utility functions and objects"
optional = false
python-versions = ">=3.6"
groups = ["main"]
files = [
    {file = "utils-1.0.2.tar.gz", hash = "sha256:f4d5157e27e9d434006b5b52a1ec951a34e53e7ecaa145d43a153ec452eb5d9e"},
]

[metadata]
lock-version = "2.1"
python-versions = ">=3.13"
content-hash = "29a2e7f2bbf8c4318917d6a90165162223b43c4c06a2a51c64f993f9fb73ce70"
